{
  "name": "sol-to-ngn",
  "version": "1.0.0",
  "lockfileVersion": 3,
  "requires": true,
  "packages": {
    "": {
      "name": "sol-to-ngn",
      "version": "1.0.0",
      "license": "ISC",
      "dependencies": {
        "converter-ter": "^1.0.1"
      }
    },
    "node_modules/convert-to-rupiah": {
      "version": "1.0.1",
      "resolved": "https://registry.npmjs.org/convert-to-rupiah/-/convert-to-rupiah-1.0.1.tgz",
      "integrity": "sha512-fVYHiiaE31qnQQ1tEseLL9adZ6Aww1Pw4v2NlGCacleDRM+YiIB93AFkL/3FrqLxCHU4LzoaYolgMmWtS9FgJQ==",
      "dependencies": {
        "lodash": "^4.17.21"
      }
    },
    "node_modules/converter-ter": {
      "version": "1.0.1",
      "resolved": "https://registry.npmjs.org/converter-ter/-/converter-ter-1.0.1.tgz",
      "integrity": "sha512-aAUeXPR3MV67e1aLU+VM1kJl+J75XjWbYIzyK4maqJOXJR2AH0Oyj12hK3/6YH5tX3aoqOF6aZlZVCGlEb+xtQ==",
      "dependencies": {
        "convert-to-rupiah": "^1.0.1",
        "table-ter": "^1.0.0"
      }
    },
    "node_modules/lodash": {
      "version": "4.17.21",
      "resolved": "https://registry.npmjs.org/lodash/-/lodash-4.17.21.tgz",
      "integrity": "sha512-v2kDEe57lecTulaDIuNTPy3Ry4gLGJ6Z1O3vE1krgXZNrsQ+LFTGHVxVjcXPs17LhbZVGedAJv8XZ1tvj5FvSg=="
    },
    "node_modules/table-ter": {
      "version": "1.0.0",
      "resolved": "https://registry.npmjs.org/table-ter/-/table-ter-1.0.0.tgz",
      "integrity": "sha512-TKMkWaJgFJum82m8PgBBUG7tGO+OkOk4tzuT6c9X13LKenVgYkfpOkGBasKjNQhD54X3yhrZgZFZGXmIMZpMCw==",
      "dependencies": {
        "converter-ter": "^1.0.0"
      }
    }
  }
}
